# THIS IS AN AUTOGENERATED FILE. DO NOT EDIT THIS FILE DIRECTLY.
# yarn lockfile v1


"@googlemaps/js-api-loader@1.16.2":
  version "1.16.2"
  resolved "https://registry.yarnpkg.com/@googlemaps/js-api-loader/-/js-api-loader-1.16.2.tgz#3fe748e21243f8e8322c677a5525c569ae9cdbe9"
  integrity sha512-psGw5u0QM6humao48Hn4lrChOM2/rA43ZCm3tKK9qQsEj1/VzqkCqnvGfEOshDbBQflydfaRovbKwZMF4AyqbA==
  dependencies:
    fast-deep-equal "^3.1.3"

"@googlemaps/markerclusterer@2.5.3":
  version "2.5.3"
  resolved "https://registry.yarnpkg.com/@googlemaps/markerclusterer/-/markerclusterer-2.5.3.tgz#9f891ce7e8e161775f3a3e2c9f66956810284591"
  integrity sha512-x7lX0R5yYOoiNectr10wLgCBasNcXFHiADIBdmn7jQllF2B5ENQw5XtZK+hIw4xnV0Df0xhN4LN98XqA5jaiOw==
  dependencies:
    fast-deep-equal "^3.1.3"
    supercluster "^8.0.1"

"@react-google-maps/api@^2.19.3":
  version "2.19.3"
  resolved "https://registry.yarnpkg.com/@react-google-maps/api/-/api-2.19.3.tgz#6bb307c6e9d06344badd77facb6dc9eaac5b9b32"
  integrity sha512-jiLqvuOt5lOowkLeq7d077AByTyJp+s6hZVlLhlq7SBacBD37aUNpXBz2OsazfeR6Aw4a+9RRhAEjEFvrR1f5A==
  dependencies:
    "@googlemaps/js-api-loader" "1.16.2"
    "@googlemaps/markerclusterer" "2.5.3"
    "@react-google-maps/infobox" "2.19.2"
    "@react-google-maps/marker-clusterer" "2.19.2"
    "@types/google.maps" "3.55.2"
    invariant "2.2.4"

"@react-google-maps/infobox@2.19.2":
  version "2.19.2"
  resolved "https://registry.yarnpkg.com/@react-google-maps/infobox/-/infobox-2.19.2.tgz#b6bda962a4fa1074fdd3dfd63bc4c7d68b1dd745"
  integrity sha512-6wvBqeJsQ/eFSvoxg+9VoncQvNoVCdmxzxRpLvmjPD+nNC6mHM0vJH1xSqaKijkMrfLJT0nfkTGpovrF896jwg==

"@react-google-maps/marker-clusterer@2.19.2":
  version "2.19.2"
  resolved "https://registry.yarnpkg.com/@react-google-maps/marker-clusterer/-/marker-clusterer-2.19.2.tgz#24d9fb9aa555bb063ba5fe82f80fcd7d48662184"
  integrity sha512-x9ibmsP0ZVqzyCo1Pitbw+4b6iEXRw/r1TCy3vOUR3eKrzWLnHYZMR325BkZW2r8fnuWE/V3Fp4QZOP9qYORCw==

"@types/google.maps@3.55.2":
  version "3.55.2"
  resolved "https://registry.yarnpkg.com/@types/google.maps/-/google.maps-3.55.2.tgz#6e5a1c257aeda3861a919a56fb9f369468e79e15"
  integrity sha512-JcTwzkxskR8DN/nnX96Pie3gGN3WHiPpuxzuQ9z3516o1bB243d8w8DHUJ8BohuzoT1o3HUFta2ns/mkZC8KRw==

fast-deep-equal@^3.1.3:
  version "3.1.3"
  resolved "https://registry.yarnpkg.com/fast-deep-equal/-/fast-deep-equal-3.1.3.tgz#3a7d56b559d6cbc3eb512325244e619a65c6c525"
  integrity sha512-f3qQ9oQy9j2AhBe/H9VC91wLmKBCCU/gDOnKNAYG5hswO7BLKj09Hc5HYNz9cGI++xlpDCIgDaitVs03ATR84Q==

invariant@2.2.4:
  version "2.2.4"
  resolved "https://registry.yarnpkg.com/invariant/-/invariant-2.2.4.tgz#610f3c92c9359ce1db616e538008d23ff35158e6"
  integrity sha512-phJfQVBuaJM5raOpJjSfkiD6BpbCE4Ns//LaXl6wGYtUBY83nWS6Rf9tXm2e8VaK60JEjYldbPif/A2B1C2gNA==
  dependencies:
    loose-envify "^1.0.0"

"js-tokens@^3.0.0 || ^4.0.0":
  version "4.0.0"
  resolved "https://registry.yarnpkg.com/js-tokens/-/js-tokens-4.0.0.tgz#19203fb59991df98e3a287050d4647cdeaf32499"
  integrity sha512-RdJUflcE3cUzKiMqQgsCu06FPu9UdIJO0beYbPhHN4k6apgJtifcoCtT9bcxOpYBtpD2kCM6Sbzg4CausW/PKQ==

kdbush@^4.0.2:
  version "4.0.2"
  resolved "https://registry.yarnpkg.com/kdbush/-/kdbush-4.0.2.tgz#2f7b7246328b4657dd122b6c7f025fbc2c868e39"
  integrity sha512-WbCVYJ27Sz8zi9Q7Q0xHC+05iwkm3Znipc2XTlrnJbsHMYktW4hPhXUE8Ys1engBrvffoSCqbil1JQAa7clRpA==

loose-envify@^1.0.0:
  version "1.4.0"
  resolved "https://registry.yarnpkg.com/loose-envify/-/loose-envify-1.4.0.tgz#71ee51fa7be4caec1a63839f7e682d8132d30caf"
  integrity sha512-lyuxPGr/Wfhrlem2CL/UcnUc1zcqKAImBDzukY7Y5F/yQiNdko6+fRLevlw1HgMySw7f611UIY408EtxRSoK3Q==
  dependencies:
    js-tokens "^3.0.0 || ^4.0.0"

supercluster@^8.0.1:
  version "8.0.1"
  resolved "https://registry.yarnpkg.com/supercluster/-/supercluster-8.0.1.tgz#9946ba123538e9e9ab15de472531f604e7372df5"
  integrity sha512-IiOea5kJ9iqzD2t7QJq/cREyLHTtSmUT6gQsweojg9WH2sYJqZK9SswTu6jrscO6D1G5v5vYZ9ru/eq85lXeZQ==
  dependencies:
    kdbush "^4.0.2"
